
Microsoft Visual Studio Solution File, Format Version 12.00
# Visual Studio Version 17
VisualStudioVersion = 17.5.33530.505
MinimumVisualStudioVersion = 10.0.40219.1
Project("{FAE04EC0-301F-11D3-BF4B-00C04F79EFBC}") = "dz 10_4", "dz 10_4\dz 10_4.csproj", "{B01F3DFE-DD66-4590-9AE2-1E6632FE55A4}"
EndProject
Global
	GlobalSection(SolutionConfigurationPlatforms) = preSolution
		Debug|Any CPU = Debug|Any CPU
		Release|Any CPU = Release|Any CPU
	EndGlobalSection
	GlobalSection(ProjectConfigurationPlatforms) = postSolution
		{B01F3DFE-DD66-4590-9AE2-1E6632FE55A4}.Debug|Any CPU.ActiveCfg = Debug|Any CPU
		{B01F3DFE-DD66-4590-9AE2-1E6632FE55A4}.Debug|Any CPU.Build.0 = Debug|Any CPU
		{B01F3DFE-DD66-4590-9AE2-1E6632FE55A4}.Release|Any CPU.ActiveCfg = Release|Any CPU
		{B01F3DFE-DD66-4590-9AE2-1E6632FE55A4}.Release|Any CPU.Build.0 = Release|Any CPU
	EndGlobalSection
	GlobalSection(SolutionProperties) = preSolution
		HideSolutionNode = FALSE
	EndGlobalSection
	GlobalSection(ExtensibilityGlobals) = postSolution
		SolutionGuid = {66FCB0C8-B18B-410C-94B1-034623BC441F}
	EndGlobalSection
EndGlobal
